
Microsoft Visual Studio Solution File, Format Version 12.00
# Visual Studio 15
VisualStudioVersion = 15.0.28010.2036
MinimumVisualStudioVersion = 10.0.40219.1
Project("{8BC9CEB8-8B4A-11D0-8D11-00A0C91BC942}") = "cookie", "cookie\cookie.vcxproj", "{A7055A48-5AB4-443B-B141-FD4155616DE8}"
EndProject
Global
	GlobalSection(SolutionConfigurationPlatforms) = preSolution
		Debug|x64 = Debug|x64
		Debug|x86 = Debug|x86
		Release|x64 = Release|x64
		Release|x86 = Release|x86
	EndGlobalSection
	GlobalSection(ProjectConfigurationPlatforms) = postSolution
		{A7055A48-5AB4-443B-B141-FD4155616DE8}.Debug|x64.ActiveCfg = Debug|x64
		{A7055A48-5AB4-443B-B141-FD4155616DE8}.Debug|x64.Build.0 = Debug|x64
		{A7055A48-5AB4-443B-B141-FD4155616DE8}.Debug|x86.ActiveCfg = Debug|Win32
		{A7055A48-5AB4-443B-B141-FD4155616DE8}.Debug|x86.Build.0 = Debug|Win32
		{A7055A48-5AB4-443B-B141-FD4155616DE8}.Release|x64.ActiveCfg = Release|x64
		{A7055A48-5AB4-443B-B141-FD4155616DE8}.Release|x64.Build.0 = Release|x64
		{A7055A48-5AB4-443B-B141-FD4155616DE8}.Release|x86.ActiveCfg = Release|Win32
		{A7055A48-5AB4-443B-B141-FD4155616DE8}.Release|x86.Build.0 = Release|Win32
	EndGlobalSection
	GlobalSection(SolutionProperties) = preSolution
		HideSolutionNode = FALSE
	EndGlobalSection
	GlobalSection(ExtensibilityGlobals) = postSolution
		SolutionGuid = {5376A44E-A510-4C7A-BE05-3DA4F5BFD7EC}
	EndGlobalSection
EndGlobal
